// !$*UTF8*$!
{
	archiveVersion = 1;
	classes = {
	};
	objectVersion = 50;
	objects = {

/* Begin PBXBuildFile section */
		B65CACCF22F6634100350646 /* VarStem.cpp in Sources */ = {isa = PBXBuildFile; fileRef = B65CACCE22F6634100350646 /* VarStem.cpp */; };
		B685E76122F527840056BFF2 /* Token.hpp in Sources */ = {isa = PBXBuildFile; fileRef = B685E71C22F5277F0056BFF2 /* Token.hpp */; };
		B685E76222F527840056BFF2 /* Lexer.cpp in Sources */ = {isa = PBXBuildFile; fileRef = B685E71E22F5277F0056BFF2 /* Lexer.cpp */; };
		B685E76322F527840056BFF2 /* Lexer.hpp in Sources */ = {isa = PBXBuildFile; fileRef = B685E71F22F5277F0056BFF2 /* Lexer.hpp */; };
		B685E76422F527840056BFF2 /* Lexer.hpp in Sources */ = {isa = PBXBuildFile; fileRef = B685E72022F5277F0056BFF2 /* Lexer.hpp */; };
		B685E76522F527840056BFF2 /* ASTree.hpp in Sources */ = {isa = PBXBuildFile; fileRef = B685E72222F5277F0056BFF2 /* ASTree.hpp */; };
		B685E76622F527840056BFF2 /* ParserImpl.h in Sources */ = {isa = PBXBuildFile; fileRef = B685E72522F5277F0056BFF2 /* ParserImpl.h */; };
		B685E76722F527840056BFF2 /* BasicParsers.hpp in Sources */ = {isa = PBXBuildFile; fileRef = B685E72622F5277F0056BFF2 /* BasicParsers.hpp */; };
		B685E76822F527840056BFF2 /* Element.hpp in Sources */ = {isa = PBXBuildFile; fileRef = B685E72822F5277F0056BFF2 /* Element.hpp */; };
		B685E76922F527840056BFF2 /* _AnyParser.cpp in Sources */ = {isa = PBXBuildFile; fileRef = B685E72922F5277F0056BFF2 /* _AnyParser.cpp */; };
		B685E76B22F527840056BFF2 /* Parser.hpp in Sources */ = {isa = PBXBuildFile; fileRef = B685E72B22F5277F0056BFF2 /* Parser.hpp */; };
		B685E76C22F527840056BFF2 /* _Parser.hpp in Sources */ = {isa = PBXBuildFile; fileRef = B685E72C22F5277F0056BFF2 /* _Parser.hpp */; };
		B685E76D22F527840056BFF2 /* RepeatElement.cpp in Sources */ = {isa = PBXBuildFile; fileRef = B685E72E22F5277F0056BFF2 /* RepeatElement.cpp */; };
		B685E76E22F527840056BFF2 /* OrElement.cpp in Sources */ = {isa = PBXBuildFile; fileRef = B685E72F22F5277F0056BFF2 /* OrElement.cpp */; };
		B685E76F22F527840056BFF2 /* TreeElement.cpp in Sources */ = {isa = PBXBuildFile; fileRef = B685E73022F5277F0056BFF2 /* TreeElement.cpp */; };
		B685E77022F527840056BFF2 /* Elements.hpp in Sources */ = {isa = PBXBuildFile; fileRef = B685E73122F5277F0056BFF2 /* Elements.hpp */; };
		B685E77122F527840056BFF2 /* ExprElement.cpp in Sources */ = {isa = PBXBuildFile; fileRef = B685E73222F5277F0056BFF2 /* ExprElement.cpp */; };
		B685E77222F527840056BFF2 /* SkipElement.cpp in Sources */ = {isa = PBXBuildFile; fileRef = B685E73322F5277F0056BFF2 /* SkipElement.cpp */; };
		B685E77322F527840056BFF2 /* _AnyParser.hpp in Sources */ = {isa = PBXBuildFile; fileRef = B685E73422F5277F0056BFF2 /* _AnyParser.hpp */; };
		B685E77522F527840056BFF2 /* Parser.cpp in Sources */ = {isa = PBXBuildFile; fileRef = B685E73622F5277F0056BFF2 /* Parser.cpp */; };
		B685E77722F527840056BFF2 /* BinaryOperation.hpp in Sources */ = {isa = PBXBuildFile; fileRef = B685E73A22F5277F0056BFF2 /* BinaryOperation.hpp */; };
		B685E77D22F527840056BFF2 /* PrimaryNode.hpp in Sources */ = {isa = PBXBuildFile; fileRef = B685E74122F5277F0056BFF2 /* PrimaryNode.hpp */; };
		B685E78022F527840056BFF2 /* IfStem.cpp in Sources */ = {isa = PBXBuildFile; fileRef = B685E74522F5277F0056BFF2 /* IfStem.cpp */; };
		B685E78122F527840056BFF2 /* WhileStem.cpp in Sources */ = {isa = PBXBuildFile; fileRef = B685E74622F5277F0056BFF2 /* WhileStem.cpp */; };
		B685E78222F527840056BFF2 /* Statement.hpp in Sources */ = {isa = PBXBuildFile; fileRef = B685E74722F5277F0056BFF2 /* Statement.hpp */; };
		B685E78322F527840056BFF2 /* BlockStem.cpp in Sources */ = {isa = PBXBuildFile; fileRef = B685E74822F5277F0056BFF2 /* BlockStem.cpp */; };
		B685E78422F527840056BFF2 /* Expression.hpp in Sources */ = {isa = PBXBuildFile; fileRef = B685E74A22F5277F0056BFF2 /* Expression.hpp */; };
		B685E78622F527840056BFF2 /* Calling.cpp in Sources */ = {isa = PBXBuildFile; fileRef = B685E74C22F5277F0056BFF2 /* Calling.cpp */; };
		B685E78722F527840056BFF2 /* Expression.cpp in Sources */ = {isa = PBXBuildFile; fileRef = B685E74D22F5277F0056BFF2 /* Expression.cpp */; };
		B685E78922F527840056BFF2 /* Node.cpp in Sources */ = {isa = PBXBuildFile; fileRef = B685E75022F5277F0056BFF2 /* Node.cpp */; };
		B685E78A22F527840056BFF2 /* Node.hpp in Sources */ = {isa = PBXBuildFile; fileRef = B685E75122F5277F0056BFF2 /* Node.hpp */; };
		B685E78B22F527840056BFF2 /* BinaryOperation.cpp in Sources */ = {isa = PBXBuildFile; fileRef = B685E75222F5277F0056BFF2 /* BinaryOperation.cpp */; };
		B685E78C22F527840056BFF2 /* AST.hpp in Sources */ = {isa = PBXBuildFile; fileRef = B685E75322F5277F0056BFF2 /* AST.hpp */; };
		B685E78E22F527840056BFF2 /* Runner.hpp in Sources */ = {isa = PBXBuildFile; fileRef = B685E75622F5277F0056BFF2 /* Runner.hpp */; };
		B685E78F22F527840056BFF2 /* Environment.hpp in Sources */ = {isa = PBXBuildFile; fileRef = B685E75722F5277F0056BFF2 /* Environment.hpp */; };
		B685E79022F527840056BFF2 /* any.hpp in Sources */ = {isa = PBXBuildFile; fileRef = B685E75A22F5277F0056BFF2 /* any.hpp */; };
		B685E79122F527840056BFF2 /* optional.hpp in Sources */ = {isa = PBXBuildFile; fileRef = B685E75B22F5277F0056BFF2 /* optional.hpp */; };
		B685E79222F527840056BFF2 /* rmkit.h in Sources */ = {isa = PBXBuildFile; fileRef = B685E75C22F5277F0056BFF2 /* rmkit.h */; };
		B685E79322F527840056BFF2 /* location.hpp in Sources */ = {isa = PBXBuildFile; fileRef = B685E75E22F5277F0056BFF2 /* location.hpp */; };
		B685E79422F527840056BFF2 /* Common.hpp in Sources */ = {isa = PBXBuildFile; fileRef = B685E75F22F5277F0056BFF2 /* Common.hpp */; };
		B685E79522F527840056BFF2 /* main.cpp in Sources */ = {isa = PBXBuildFile; fileRef = B685E76022F5277F0056BFF2 /* main.cpp */; };
		B69E884422FA74890064BE9B /* Element.cpp in Sources */ = {isa = PBXBuildFile; fileRef = B69E884322FA74890064BE9B /* Element.cpp */; };
/* End PBXBuildFile section */

/* Begin PBXCopyFilesBuildPhase section */
		B67A7D4C22DDBDDA00ABA47C /* CopyFiles */ = {
			isa = PBXCopyFilesBuildPhase;
			buildActionMask = 2147483647;
			dstPath = /usr/share/man/man1/;
			dstSubfolderSpec = 0;
			files = (
			);
			runOnlyForDeploymentPostprocessing = 1;
		};
/* End PBXCopyFilesBuildPhase section */

/* Begin PBXFileReference section */
		B604B05022F7DB4E00AA6B16 /* description.hpp */ = {isa = PBXFileReference; lastKnownFileType = sourcecode.cpp.h; path = description.hpp; sourceTree = "<group>"; };
		B604B05122F7E60100AA6B16 /* debug.hpp */ = {isa = PBXFileReference; lastKnownFileType = sourcecode.cpp.h; path = debug.hpp; sourceTree = "<group>"; };
		B60691EF22F5C77900AA2063 /* Value.hpp */ = {isa = PBXFileReference; lastKnownFileType = sourcecode.cpp.h; path = Value.hpp; sourceTree = "<group>"; };
		B63C209A22F569DF0070C83A /* type.hpp */ = {isa = PBXFileReference; lastKnownFileType = sourcecode.cpp.h; path = type.hpp; sourceTree = "<group>"; };
		B63C20A022F574DE0070C83A /* TokenElements.hpp */ = {isa = PBXFileReference; lastKnownFileType = sourcecode.cpp.h; path = TokenElements.hpp; sourceTree = "<group>"; };
		B65CACCE22F6634100350646 /* VarStem.cpp */ = {isa = PBXFileReference; lastKnownFileType = sourcecode.cpp.cpp; path = VarStem.cpp; sourceTree = "<group>"; };
		B65CACD022F6651C00350646 /* Calling.hpp */ = {isa = PBXFileReference; lastKnownFileType = sourcecode.cpp.h; path = Calling.hpp; sourceTree = "<group>"; };
		B67A7D4E22DDBDDA00ABA47C /* WorkFlow */ = {isa = PBXFileReference; explicitFileType = "compiled.mach-o.executable"; includeInIndex = 0; path = WorkFlow; sourceTree = BUILT_PRODUCTS_DIR; };
		B67A7D5822DDBDF200ABA47C /* main.wf */ = {isa = PBXFileReference; lastKnownFileType = text; path = main.wf; sourceTree = "<group>"; };
		B685E71C22F5277F0056BFF2 /* Token.hpp */ = {isa = PBXFileReference; lastKnownFileType = sourcecode.cpp.h; path = Token.hpp; sourceTree = "<group>"; };
		B685E71E22F5277F0056BFF2 /* Lexer.cpp */ = {isa = PBXFileReference; lastKnownFileType = sourcecode.cpp.cpp; path = Lexer.cpp; sourceTree = "<group>"; };
		B685E71F22F5277F0056BFF2 /* Lexer.hpp */ = {isa = PBXFileReference; lastKnownFileType = sourcecode.cpp.h; path = Lexer.hpp; sourceTree = "<group>"; };
		B685E72022F5277F0056BFF2 /* Lexer.hpp */ = {isa = PBXFileReference; lastKnownFileType = sourcecode.cpp.h; path = Lexer.hpp; sourceTree = "<group>"; };
		B685E72222F5277F0056BFF2 /* ASTree.hpp */ = {isa = PBXFileReference; lastKnownFileType = sourcecode.cpp.h; path = ASTree.hpp; sourceTree = "<group>"; };
		B685E72522F5277F0056BFF2 /* ParserImpl.h */ = {isa = PBXFileReference; lastKnownFileType = sourcecode.c.h; path = ParserImpl.h; sourceTree = "<group>"; };
		B685E72622F5277F0056BFF2 /* BasicParsers.hpp */ = {isa = PBXFileReference; lastKnownFileType = sourcecode.cpp.h; path = BasicParsers.hpp; sourceTree = "<group>"; };
		B685E72822F5277F0056BFF2 /* Element.hpp */ = {isa = PBXFileReference; lastKnownFileType = sourcecode.cpp.h; path = Element.hpp; sourceTree = "<group>"; };
		B685E72922F5277F0056BFF2 /* _AnyParser.cpp */ = {isa = PBXFileReference; lastKnownFileType = sourcecode.cpp.cpp; path = _AnyParser.cpp; sourceTree = "<group>"; };
		B685E72B22F5277F0056BFF2 /* Parser.hpp */ = {isa = PBXFileReference; lastKnownFileType = sourcecode.cpp.h; path = Parser.hpp; sourceTree = "<group>"; };
		B685E72C22F5277F0056BFF2 /* _Parser.hpp */ = {isa = PBXFileReference; lastKnownFileType = sourcecode.cpp.h; path = _Parser.hpp; sourceTree = "<group>"; };
		B685E72E22F5277F0056BFF2 /* RepeatElement.cpp */ = {isa = PBXFileReference; lastKnownFileType = sourcecode.cpp.cpp; path = RepeatElement.cpp; sourceTree = "<group>"; };
		B685E72F22F5277F0056BFF2 /* OrElement.cpp */ = {isa = PBXFileReference; lastKnownFileType = sourcecode.cpp.cpp; path = OrElement.cpp; sourceTree = "<group>"; };
		B685E73022F5277F0056BFF2 /* TreeElement.cpp */ = {isa = PBXFileReference; lastKnownFileType = sourcecode.cpp.cpp; path = TreeElement.cpp; sourceTree = "<group>"; };
		B685E73122F5277F0056BFF2 /* Elements.hpp */ = {isa = PBXFileReference; lastKnownFileType = sourcecode.cpp.h; path = Elements.hpp; sourceTree = "<group>"; };
		B685E73222F5277F0056BFF2 /* ExprElement.cpp */ = {isa = PBXFileReference; lastKnownFileType = sourcecode.cpp.cpp; path = ExprElement.cpp; sourceTree = "<group>"; };
		B685E73322F5277F0056BFF2 /* SkipElement.cpp */ = {isa = PBXFileReference; lastKnownFileType = sourcecode.cpp.cpp; path = SkipElement.cpp; sourceTree = "<group>"; };
		B685E73422F5277F0056BFF2 /* _AnyParser.hpp */ = {isa = PBXFileReference; lastKnownFileType = sourcecode.cpp.h; path = _AnyParser.hpp; sourceTree = "<group>"; };
		B685E73622F5277F0056BFF2 /* Parser.cpp */ = {isa = PBXFileReference; lastKnownFileType = sourcecode.cpp.cpp; path = Parser.cpp; sourceTree = "<group>"; };
		B685E73A22F5277F0056BFF2 /* BinaryOperation.hpp */ = {isa = PBXFileReference; lastKnownFileType = sourcecode.cpp.h; path = BinaryOperation.hpp; sourceTree = "<group>"; };
		B685E74122F5277F0056BFF2 /* PrimaryNode.hpp */ = {isa = PBXFileReference; lastKnownFileType = sourcecode.cpp.h; path = PrimaryNode.hpp; sourceTree = "<group>"; };
		B685E74522F5277F0056BFF2 /* IfStem.cpp */ = {isa = PBXFileReference; lastKnownFileType = sourcecode.cpp.cpp; path = IfStem.cpp; sourceTree = "<group>"; };
		B685E74622F5277F0056BFF2 /* WhileStem.cpp */ = {isa = PBXFileReference; lastKnownFileType = sourcecode.cpp.cpp; path = WhileStem.cpp; sourceTree = "<group>"; };
		B685E74722F5277F0056BFF2 /* Statement.hpp */ = {isa = PBXFileReference; lastKnownFileType = sourcecode.cpp.h; path = Statement.hpp; sourceTree = "<group>"; };
		B685E74822F5277F0056BFF2 /* BlockStem.cpp */ = {isa = PBXFileReference; lastKnownFileType = sourcecode.cpp.cpp; path = BlockStem.cpp; sourceTree = "<group>"; };
		B685E74A22F5277F0056BFF2 /* Expression.hpp */ = {isa = PBXFileReference; lastKnownFileType = sourcecode.cpp.h; path = Expression.hpp; sourceTree = "<group>"; };
		B685E74C22F5277F0056BFF2 /* Calling.cpp */ = {isa = PBXFileReference; lastKnownFileType = sourcecode.cpp.cpp; path = Calling.cpp; sourceTree = "<group>"; };
		B685E74D22F5277F0056BFF2 /* Expression.cpp */ = {isa = PBXFileReference; lastKnownFileType = sourcecode.cpp.cpp; path = Expression.cpp; sourceTree = "<group>"; };
		B685E75022F5277F0056BFF2 /* Node.cpp */ = {isa = PBXFileReference; lastKnownFileType = sourcecode.cpp.cpp; path = Node.cpp; sourceTree = "<group>"; };
		B685E75122F5277F0056BFF2 /* Node.hpp */ = {isa = PBXFileReference; lastKnownFileType = sourcecode.cpp.h; path = Node.hpp; sourceTree = "<group>"; };
		B685E75222F5277F0056BFF2 /* BinaryOperation.cpp */ = {isa = PBXFileReference; lastKnownFileType = sourcecode.cpp.cpp; name = BinaryOperation.cpp; path = ../BinaryOperation.cpp; sourceTree = "<group>"; };
		B685E75322F5277F0056BFF2 /* AST.hpp */ = {isa = PBXFileReference; lastKnownFileType = sourcecode.cpp.h; path = AST.hpp; sourceTree = "<group>"; };
		B685E75622F5277F0056BFF2 /* Runner.hpp */ = {isa = PBXFileReference; lastKnownFileType = sourcecode.cpp.h; path = Runner.hpp; sourceTree = "<group>"; };
		B685E75722F5277F0056BFF2 /* Environment.hpp */ = {isa = PBXFileReference; lastKnownFileType = sourcecode.cpp.h; path = Environment.hpp; sourceTree = "<group>"; };
		B685E75A22F5277F0056BFF2 /* any.hpp */ = {isa = PBXFileReference; lastKnownFileType = sourcecode.cpp.h; path = any.hpp; sourceTree = "<group>"; };
		B685E75B22F5277F0056BFF2 /* optional.hpp */ = {isa = PBXFileReference; lastKnownFileType = sourcecode.cpp.h; path = optional.hpp; sourceTree = "<group>"; };
		B685E75C22F5277F0056BFF2 /* rmkit.h */ = {isa = PBXFileReference; lastKnownFileType = sourcecode.c.h; path = rmkit.h; sourceTree = "<group>"; };
		B685E75E22F5277F0056BFF2 /* location.hpp */ = {isa = PBXFileReference; lastKnownFileType = sourcecode.cpp.h; path = location.hpp; sourceTree = "<group>"; };
		B685E75F22F5277F0056BFF2 /* Common.hpp */ = {isa = PBXFileReference; lastKnownFileType = sourcecode.cpp.h; path = Common.hpp; sourceTree = "<group>"; };
		B685E76022F5277F0056BFF2 /* main.cpp */ = {isa = PBXFileReference; lastKnownFileType = sourcecode.cpp.cpp; path = main.cpp; sourceTree = "<group>"; };
		B69E882F22FA6B5E0064BE9B /* OrElement.hpp */ = {isa = PBXFileReference; lastKnownFileType = sourcecode.cpp.h; path = OrElement.hpp; sourceTree = "<group>"; };
		B69E884322FA74890064BE9B /* Element.cpp */ = {isa = PBXFileReference; lastKnownFileType = sourcecode.cpp.cpp; path = Element.cpp; sourceTree = "<group>"; };
/* End PBXFileReference section */

/* Begin PBXFrameworksBuildPhase section */
		B67A7D4B22DDBDDA00ABA47C /* Frameworks */ = {
			isa = PBXFrameworksBuildPhase;
			buildActionMask = 2147483647;
			files = (
			);
			runOnlyForDeploymentPostprocessing = 0;
		};
/* End PBXFrameworksBuildPhase section */

/* Begin PBXGroup section */
		B67A7D4522DDBDDA00ABA47C = {
			isa = PBXGroup;
			children = (
				B67A7D5822DDBDF200ABA47C /* main.wf */,
				B685E71A22F5277F0056BFF2 /* WorkFlow */,
				B67A7D4F22DDBDDA00ABA47C /* Products */,
			);
			sourceTree = "<group>";
		};
		B67A7D4F22DDBDDA00ABA47C /* Products */ = {
			isa = PBXGroup;
			children = (
				B67A7D4E22DDBDDA00ABA47C /* WorkFlow */,
			);
			name = Products;
			sourceTree = "<group>";
		};
		B685E71A22F5277F0056BFF2 /* WorkFlow */ = {
			isa = PBXGroup;
			children = (
				B685E76022F5277F0056BFF2 /* main.cpp */,
				B685E75822F5277F0056BFF2 /* RMKit */,
				B685E72122F5277F0056BFF2 /* ASTree */,
				B685E75422F5277F0056BFF2 /* Runner */,
				B685E71B22F5277F0056BFF2 /* Lexer */,
				B685E75D22F5277F0056BFF2 /* DataClass */,
				B685E75F22F5277F0056BFF2 /* Common.hpp */,
			);
			path = WorkFlow;
			sourceTree = "<group>";
		};
		B685E71B22F5277F0056BFF2 /* Lexer */ = {
			isa = PBXGroup;
			children = (
				B685E71C22F5277F0056BFF2 /* Token.hpp */,
				B685E71D22F5277F0056BFF2 /* Lexer */,
				B685E72022F5277F0056BFF2 /* Lexer.hpp */,
			);
			path = Lexer;
			sourceTree = "<group>";
		};
		B685E71D22F5277F0056BFF2 /* Lexer */ = {
			isa = PBXGroup;
			children = (
				B685E71E22F5277F0056BFF2 /* Lexer.cpp */,
				B685E71F22F5277F0056BFF2 /* Lexer.hpp */,
			);
			path = Lexer;
			sourceTree = "<group>";
		};
		B685E72122F5277F0056BFF2 /* ASTree */ = {
			isa = PBXGroup;
			children = (
				B685E72222F5277F0056BFF2 /* ASTree.hpp */,
				B685E72322F5277F0056BFF2 /* Parser */,
				B685E73822F5277F0056BFF2 /* AST */,
			);
			path = ASTree;
			sourceTree = "<group>";
		};
		B685E72322F5277F0056BFF2 /* Parser */ = {
			isa = PBXGroup;
			children = (
				B685E72422F5277F0056BFF2 /* Impl */,
				B685E72722F5277F0056BFF2 /* Parser */,
			);
			path = Parser;
			sourceTree = "<group>";
		};
		B685E72422F5277F0056BFF2 /* Impl */ = {
			isa = PBXGroup;
			children = (
				B685E72522F5277F0056BFF2 /* ParserImpl.h */,
				B685E72622F5277F0056BFF2 /* BasicParsers.hpp */,
			);
			path = Impl;
			sourceTree = "<group>";
		};
		B685E72722F5277F0056BFF2 /* Parser */ = {
			isa = PBXGroup;
			children = (
				B685E72D22F5277F0056BFF2 /* Elements */,
				B685E72B22F5277F0056BFF2 /* Parser.hpp */,
				B685E73622F5277F0056BFF2 /* Parser.cpp */,
				B685E72C22F5277F0056BFF2 /* _Parser.hpp */,
				B685E73422F5277F0056BFF2 /* _AnyParser.hpp */,
				B685E72922F5277F0056BFF2 /* _AnyParser.cpp */,
				B685E72822F5277F0056BFF2 /* Element.hpp */,
				B69E884322FA74890064BE9B /* Element.cpp */,
			);
			path = Parser;
			sourceTree = "<group>";
		};
		B685E72D22F5277F0056BFF2 /* Elements */ = {
			isa = PBXGroup;
			children = (
				B685E73122F5277F0056BFF2 /* Elements.hpp */,
				B69E882F22FA6B5E0064BE9B /* OrElement.hpp */,
				B685E72E22F5277F0056BFF2 /* RepeatElement.cpp */,
				B685E72F22F5277F0056BFF2 /* OrElement.cpp */,
				B685E73022F5277F0056BFF2 /* TreeElement.cpp */,
				B685E73222F5277F0056BFF2 /* ExprElement.cpp */,
				B685E73322F5277F0056BFF2 /* SkipElement.cpp */,
				B63C20A022F574DE0070C83A /* TokenElements.hpp */,
			);
			path = Elements;
			sourceTree = "<group>";
		};
		B685E73822F5277F0056BFF2 /* AST */ = {
			isa = PBXGroup;
			children = (
				B685E75322F5277F0056BFF2 /* AST.hpp */,
				B685E73B22F5277F0056BFF2 /* PrimaryNode */,
				B685E74422F5277F0056BFF2 /* Statement */,
				B685E74922F5277F0056BFF2 /* Expression */,
				B685E74F22F5277F0056BFF2 /* Node */,
			);
			path = AST;
			sourceTree = "<group>";
		};
		B685E73B22F5277F0056BFF2 /* PrimaryNode */ = {
			isa = PBXGroup;
			children = (
				B685E74122F5277F0056BFF2 /* PrimaryNode.hpp */,
			);
			path = PrimaryNode;
			sourceTree = "<group>";
		};
		B685E74422F5277F0056BFF2 /* Statement */ = {
			isa = PBXGroup;
			children = (
				B685E74722F5277F0056BFF2 /* Statement.hpp */,
				B685E74522F5277F0056BFF2 /* IfStem.cpp */,
				B685E74622F5277F0056BFF2 /* WhileStem.cpp */,
				B685E74822F5277F0056BFF2 /* BlockStem.cpp */,
				B65CACCE22F6634100350646 /* VarStem.cpp */,
			);
			path = Statement;
			sourceTree = "<group>";
		};
		B685E74922F5277F0056BFF2 /* Expression */ = {
			isa = PBXGroup;
			children = (
				B685E73A22F5277F0056BFF2 /* BinaryOperation.hpp */,
				B685E75222F5277F0056BFF2 /* BinaryOperation.cpp */,
				B685E74A22F5277F0056BFF2 /* Expression.hpp */,
				B685E74D22F5277F0056BFF2 /* Expression.cpp */,
				B65CACD022F6651C00350646 /* Calling.hpp */,
				B685E74C22F5277F0056BFF2 /* Calling.cpp */,
			);
			path = Expression;
			sourceTree = "<group>";
		};
		B685E74F22F5277F0056BFF2 /* Node */ = {
			isa = PBXGroup;
			children = (
				B685E75122F5277F0056BFF2 /* Node.hpp */,
				B685E75022F5277F0056BFF2 /* Node.cpp */,
			);
			path = Node;
			sourceTree = "<group>";
		};
		B685E75422F5277F0056BFF2 /* Runner */ = {
			isa = PBXGroup;
			children = (
				B685E75622F5277F0056BFF2 /* Runner.hpp */,
				B685E75722F5277F0056BFF2 /* Environment.hpp */,
				B60691EF22F5C77900AA2063 /* Value.hpp */,
			);
			path = Runner;
			sourceTree = "<group>";
		};
		B685E75822F5277F0056BFF2 /* RMKit */ = {
			isa = PBXGroup;
			children = (
				B685E75922F5277F0056BFF2 /* Impl */,
				B685E75C22F5277F0056BFF2 /* rmkit.h */,
			);
			path = RMKit;
			sourceTree = "<group>";
		};
		B685E75922F5277F0056BFF2 /* Impl */ = {
			isa = PBXGroup;
			children = (
				B685E75A22F5277F0056BFF2 /* any.hpp */,
				B685E75B22F5277F0056BFF2 /* optional.hpp */,
				B63C209A22F569DF0070C83A /* type.hpp */,
				B604B05022F7DB4E00AA6B16 /* description.hpp */,
				B604B05122F7E60100AA6B16 /* debug.hpp */,
			);
			path = Impl;
			sourceTree = "<group>";
		};
		B685E75D22F5277F0056BFF2 /* DataClass */ = {
			isa = PBXGroup;
			children = (
				B685E75E22F5277F0056BFF2 /* location.hpp */,
			);
			path = DataClass;
			sourceTree = "<group>";
		};
/* End PBXGroup section */

/* Begin PBXNativeTarget section */
		B67A7D4D22DDBDDA00ABA47C /* WorkFlow */ = {
			isa = PBXNativeTarget;
			buildConfigurationList = B67A7D5522DDBDDA00ABA47C /* Build configuration list for PBXNativeTarget "WorkFlow" */;
			buildPhases = (
				B67A7D4A22DDBDDA00ABA47C /* Sources */,
				B67A7D4B22DDBDDA00ABA47C /* Frameworks */,
				B67A7D4C22DDBDDA00ABA47C /* CopyFiles */,
			);
			buildRules = (
			);
			dependencies = (
			);
			name = WorkFlow;
			productName = WorkFlow;
			productReference = B67A7D4E22DDBDDA00ABA47C /* WorkFlow */;
			productType = "com.apple.product-type.tool";
		};
/* End PBXNativeTarget section */

/* Begin PBXProject section */
		B67A7D4622DDBDDA00ABA47C /* Project object */ = {
			isa = PBXProject;
			attributes = {
				LastUpgradeCheck = 1020;
				ORGANIZATIONNAME = yuki;
				TargetAttributes = {
					B67A7D4D22DDBDDA00ABA47C = {
						CreatedOnToolsVersion = 10.2.1;
						LastSwiftMigration = 1100;
					};
				};
			};
			buildConfigurationList = B67A7D4922DDBDDA00ABA47C /* Build configuration list for PBXProject "WorkFlow" */;
			compatibilityVersion = "Xcode 9.3";
			developmentRegion = en;
			hasScannedForEncodings = 0;
			knownRegions = (
				en,
			);
			mainGroup = B67A7D4522DDBDDA00ABA47C;
			productRefGroup = B67A7D4F22DDBDDA00ABA47C /* Products */;
			projectDirPath = "";
			projectRoot = "";
			targets = (
				B67A7D4D22DDBDDA00ABA47C /* WorkFlow */,
			);
		};
/* End PBXProject section */

/* Begin PBXSourcesBuildPhase section */
		B67A7D4A22DDBDDA00ABA47C /* Sources */ = {
			isa = PBXSourcesBuildPhase;
			buildActionMask = 2147483647;
			files = (
				B685E76122F527840056BFF2 /* Token.hpp in Sources */,
				B685E76222F527840056BFF2 /* Lexer.cpp in Sources */,
				B685E76322F527840056BFF2 /* Lexer.hpp in Sources */,
				B685E76422F527840056BFF2 /* Lexer.hpp in Sources */,
				B685E76522F527840056BFF2 /* ASTree.hpp in Sources */,
				B685E76622F527840056BFF2 /* ParserImpl.h in Sources */,
				B685E76722F527840056BFF2 /* BasicParsers.hpp in Sources */,
				B685E76822F527840056BFF2 /* Element.hpp in Sources */,
				B685E76922F527840056BFF2 /* _AnyParser.cpp in Sources */,
				B685E76B22F527840056BFF2 /* Parser.hpp in Sources */,
				B685E76C22F527840056BFF2 /* _Parser.hpp in Sources */,
				B685E76D22F527840056BFF2 /* RepeatElement.cpp in Sources */,
				B685E76E22F527840056BFF2 /* OrElement.cpp in Sources */,
				B685E76F22F527840056BFF2 /* TreeElement.cpp in Sources */,
				B685E77022F527840056BFF2 /* Elements.hpp in Sources */,
				B685E77122F527840056BFF2 /* ExprElement.cpp in Sources */,
				B69E884422FA74890064BE9B /* Element.cpp in Sources */,
				B685E77222F527840056BFF2 /* SkipElement.cpp in Sources */,
				B685E77322F527840056BFF2 /* _AnyParser.hpp in Sources */,
				B685E77522F527840056BFF2 /* Parser.cpp in Sources */,
				B685E77722F527840056BFF2 /* BinaryOperation.hpp in Sources */,
				B685E77D22F527840056BFF2 /* PrimaryNode.hpp in Sources */,
				B685E78022F527840056BFF2 /* IfStem.cpp in Sources */,
				B685E78122F527840056BFF2 /* WhileStem.cpp in Sources */,
				B685E78222F527840056BFF2 /* Statement.hpp in Sources */,
				B685E78322F527840056BFF2 /* BlockStem.cpp in Sources */,
				B685E78422F527840056BFF2 /* Expression.hpp in Sources */,
				B685E78622F527840056BFF2 /* Calling.cpp in Sources */,
				B685E78722F527840056BFF2 /* Expression.cpp in Sources */,
				B685E78922F527840056BFF2 /* Node.cpp in Sources */,
				B685E78A22F527840056BFF2 /* Node.hpp in Sources */,
				B685E78B22F527840056BFF2 /* BinaryOperation.cpp in Sources */,
				B65CACCF22F6634100350646 /* VarStem.cpp in Sources */,
				B685E78C22F527840056BFF2 /* AST.hpp in Sources */,
				B685E78E22F527840056BFF2 /* Runner.hpp in Sources */,
				B685E78F22F527840056BFF2 /* Environment.hpp in Sources */,
				B685E79022F527840056BFF2 /* any.hpp in Sources */,
				B685E79122F527840056BFF2 /* optional.hpp in Sources */,
				B685E79222F527840056BFF2 /* rmkit.h in Sources */,
				B685E79322F527840056BFF2 /* location.hpp in Sources */,
				B685E79422F527840056BFF2 /* Common.hpp in Sources */,
				B685E79522F527840056BFF2 /* main.cpp in Sources */,
			);
			runOnlyForDeploymentPostprocessing = 0;
		};
/* End PBXSourcesBuildPhase section */

/* Begin XCBuildConfiguration section */
		B67A7D5322DDBDDA00ABA47C /* Debug */ = {
			isa = XCBuildConfiguration;
			buildSettings = {
				ALWAYS_SEARCH_USER_PATHS = NO;
				CLANG_ANALYZER_NONNULL = YES;
				CLANG_ANALYZER_NUMBER_OBJECT_CONVERSION = YES_AGGRESSIVE;
				CLANG_CXX_LANGUAGE_STANDARD = "gnu++14";
				CLANG_CXX_LIBRARY = "libc++";
				CLANG_ENABLE_MODULES = YES;
				CLANG_ENABLE_OBJC_ARC = YES;
				CLANG_ENABLE_OBJC_WEAK = YES;
				CLANG_WARN_BLOCK_CAPTURE_AUTORELEASING = YES;
				CLANG_WARN_BOOL_CONVERSION = YES;
				CLANG_WARN_COMMA = YES;
				CLANG_WARN_CONSTANT_CONVERSION = YES;
				CLANG_WARN_DEPRECATED_OBJC_IMPLEMENTATIONS = YES;
				CLANG_WARN_DIRECT_OBJC_ISA_USAGE = YES_ERROR;
				CLANG_WARN_DOCUMENTATION_COMMENTS = YES;
				CLANG_WARN_EMPTY_BODY = YES;
				CLANG_WARN_ENUM_CONVERSION = YES;
				CLANG_WARN_INFINITE_RECURSION = YES;
				CLANG_WARN_INT_CONVERSION = YES;
				CLANG_WARN_NON_LITERAL_NULL_CONVERSION = YES;
				CLANG_WARN_OBJC_IMPLICIT_RETAIN_SELF = YES;
				CLANG_WARN_OBJC_LITERAL_CONVERSION = YES;
				CLANG_WARN_OBJC_ROOT_CLASS = YES_ERROR;
				CLANG_WARN_RANGE_LOOP_ANALYSIS = YES;
				CLANG_WARN_STRICT_PROTOTYPES = YES;
				CLANG_WARN_SUSPICIOUS_MOVE = YES;
				CLANG_WARN_UNGUARDED_AVAILABILITY = YES_AGGRESSIVE;
				CLANG_WARN_UNREACHABLE_CODE = YES;
				CLANG_WARN__DUPLICATE_METHOD_MATCH = YES;
				CODE_SIGN_IDENTITY = "Mac Developer";
				COPY_PHASE_STRIP = NO;
				DEBUG_INFORMATION_FORMAT = dwarf;
				ENABLE_STRICT_OBJC_MSGSEND = YES;
				ENABLE_TESTABILITY = YES;
				GCC_C_LANGUAGE_STANDARD = gnu11;
				GCC_DYNAMIC_NO_PIC = NO;
				GCC_NO_COMMON_BLOCKS = YES;
				GCC_OPTIMIZATION_LEVEL = 0;
				GCC_PREPROCESSOR_DEFINITIONS = (
					"DEBUG=1",
					"$(inherited)",
				);
				GCC_WARN_64_TO_32_BIT_CONVERSION = YES;
				GCC_WARN_ABOUT_RETURN_TYPE = YES_ERROR;
				GCC_WARN_UNDECLARED_SELECTOR = YES;
				GCC_WARN_UNINITIALIZED_AUTOS = YES_AGGRESSIVE;
				GCC_WARN_UNUSED_FUNCTION = YES;
				GCC_WARN_UNUSED_VARIABLE = YES;
				MACOSX_DEPLOYMENT_TARGET = 10.15;
				MTL_ENABLE_DEBUG_INFO = INCLUDE_SOURCE;
				MTL_FAST_MATH = YES;
				ONLY_ACTIVE_ARCH = YES;
				SDKROOT = macosx;
			};
			name = Debug;
		};
		B67A7D5422DDBDDA00ABA47C /* Release */ = {
			isa = XCBuildConfiguration;
			buildSettings = {
				ALWAYS_SEARCH_USER_PATHS = NO;
				CLANG_ANALYZER_NONNULL = YES;
				CLANG_ANALYZER_NUMBER_OBJECT_CONVERSION = YES_AGGRESSIVE;
				CLANG_CXX_LANGUAGE_STANDARD = "gnu++14";
				CLANG_CXX_LIBRARY = "libc++";
				CLANG_ENABLE_MODULES = YES;
				CLANG_ENABLE_OBJC_ARC = YES;
				CLANG_ENABLE_OBJC_WEAK = YES;
				CLANG_WARN_BLOCK_CAPTURE_AUTORELEASING = YES;
				CLANG_WARN_BOOL_CONVERSION = YES;
				CLANG_WARN_COMMA = YES;
				CLANG_WARN_CONSTANT_CONVERSION = YES;
				CLANG_WARN_DEPRECATED_OBJC_IMPLEMENTATIONS = YES;
				CLANG_WARN_DIRECT_OBJC_ISA_USAGE = YES_ERROR;
				CLANG_WARN_DOCUMENTATION_COMMENTS = YES;
				CLANG_WARN_EMPTY_BODY = YES;
				CLANG_WARN_ENUM_CONVERSION = YES;
				CLANG_WARN_INFINITE_RECURSION = YES;
				CLANG_WARN_INT_CONVERSION = YES;
				CLANG_WARN_NON_LITERAL_NULL_CONVERSION = YES;
				CLANG_WARN_OBJC_IMPLICIT_RETAIN_SELF = YES;
				CLANG_WARN_OBJC_LITERAL_CONVERSION = YES;
				CLANG_WARN_OBJC_ROOT_CLASS = YES_ERROR;
				CLANG_WARN_RANGE_LOOP_ANALYSIS = YES;
				CLANG_WARN_STRICT_PROTOTYPES = YES;
				CLANG_WARN_SUSPICIOUS_MOVE = YES;
				CLANG_WARN_UNGUARDED_AVAILABILITY = YES_AGGRESSIVE;
				CLANG_WARN_UNREACHABLE_CODE = YES;
				CLANG_WARN__DUPLICATE_METHOD_MATCH = YES;
				CODE_SIGN_IDENTITY = "Mac Developer";
				COPY_PHASE_STRIP = NO;
				DEBUG_INFORMATION_FORMAT = "dwarf-with-dsym";
				ENABLE_NS_ASSERTIONS = NO;
				ENABLE_STRICT_OBJC_MSGSEND = YES;
				GCC_C_LANGUAGE_STANDARD = gnu11;
				GCC_NO_COMMON_BLOCKS = YES;
				GCC_WARN_64_TO_32_BIT_CONVERSION = YES;
				GCC_WARN_ABOUT_RETURN_TYPE = YES_ERROR;
				GCC_WARN_UNDECLARED_SELECTOR = YES;
				GCC_WARN_UNINITIALIZED_AUTOS = YES_AGGRESSIVE;
				GCC_WARN_UNUSED_FUNCTION = YES;
				GCC_WARN_UNUSED_VARIABLE = YES;
				MACOSX_DEPLOYMENT_TARGET = 10.15;
				MTL_ENABLE_DEBUG_INFO = NO;
				MTL_FAST_MATH = YES;
				SDKROOT = macosx;
			};
			name = Release;
		};
		B67A7D5622DDBDDA00ABA47C /* Debug */ = {
			isa = XCBuildConfiguration;
			buildSettings = {
				CLANG_ENABLE_MODULES = YES;
				CODE_SIGN_STYLE = Automatic;
				DEVELOPMENT_TEAM = 4NN4TCPLE3;
				LD_RUNPATH_SEARCH_PATHS = (
					"$(inherited)",
					"@executable_path/../Frameworks",
					"@loader_path/../Frameworks",
				);
				PRODUCT_NAME = "$(TARGET_NAME)";
				SWIFT_OPTIMIZATION_LEVEL = "-Onone";
				SWIFT_VERSION = 5.0;
			};
			name = Debug;
		};
		B67A7D5722DDBDDA00ABA47C /* Release */ = {
			isa = XCBuildConfiguration;
			buildSettings = {
				CLANG_ENABLE_MODULES = YES;
				CODE_SIGN_STYLE = Automatic;
				DEVELOPMENT_TEAM = 4NN4TCPLE3;
				LD_RUNPATH_SEARCH_PATHS = (
					"$(inherited)",
					"@executable_path/../Frameworks",
					"@loader_path/../Frameworks",
				);
				PRODUCT_NAME = "$(TARGET_NAME)";
				SWIFT_VERSION = 5.0;
			};
			name = Release;
		};
/* End XCBuildConfiguration section */

/* Begin XCConfigurationList section */
		B67A7D4922DDBDDA00ABA47C /* Build configuration list for PBXProject "WorkFlow" */ = {
			isa = XCConfigurationList;
			buildConfigurations = (
				B67A7D5322DDBDDA00ABA47C /* Debug */,
				B67A7D5422DDBDDA00ABA47C /* Release */,
			);
			defaultConfigurationIsVisible = 0;
			defaultConfigurationName = Release;
		};
		B67A7D5522DDBDDA00ABA47C /* Build configuration list for PBXNativeTarget "WorkFlow" */ = {
			isa = XCConfigurationList;
			buildConfigurations = (
				B67A7D5622DDBDDA00ABA47C /* Debug */,
				B67A7D5722DDBDDA00ABA47C /* Release */,
			);
			defaultConfigurationIsVisible = 0;
			defaultConfigurationName = Release;
		};
/* End XCConfigurationList section */
	};
	rootObject = B67A7D4622DDBDDA00ABA47C /* Project object */;
}
